
Microsoft Visual Studio Solution File, Format Version 12.00
# Visual Studio Express 15 for Windows Desktop
VisualStudioVersion = 15.0.27004.2006
MinimumVisualStudioVersion = 10.0.40219.1
Project("{FAE04EC0-301F-11D3-BF4B-00C04F79EFBC}") = "Assignment 4.3", "Assignment 4.3\Assignment 4.3.csproj", "{8AEE74F4-FE8B-4E60-8F47-F1671AFE5963}"
EndProject
Global
	GlobalSection(SolutionConfigurationPlatforms) = preSolution
		Debug|Any CPU = Debug|Any CPU
		Release|Any CPU = Release|Any CPU
	EndGlobalSection
	GlobalSection(ProjectConfigurationPlatforms) = postSolution
		{8AEE74F4-FE8B-4E60-8F47-F1671AFE5963}.Debug|Any CPU.ActiveCfg = Debug|Any CPU
		{8AEE74F4-FE8B-4E60-8F47-F1671AFE5963}.Debug|Any CPU.Build.0 = Debug|Any CPU
		{8AEE74F4-FE8B-4E60-8F47-F1671AFE5963}.Release|Any CPU.ActiveCfg = Release|Any CPU
		{8AEE74F4-FE8B-4E60-8F47-F1671AFE5963}.Release|Any CPU.Build.0 = Release|Any CPU
	EndGlobalSection
	GlobalSection(SolutionProperties) = preSolution
		HideSolutionNode = FALSE
	EndGlobalSection
	GlobalSection(ExtensibilityGlobals) = postSolution
		SolutionGuid = {BECF1964-47FD-4726-A000-772CE55B06D0}
	EndGlobalSection
EndGlobal
